
Microsoft Visual Studio Solution File, Format Version 12.00
# Visual Studio Version 17
VisualStudioVersion = 17.8.34525.116
MinimumVisualStudioVersion = 10.0.40219.1
Project("{FAE04EC0-301F-11D3-BF4B-00C04F79EFBC}") = "CaptionGenerator.API", "CaptionGenerator.API\CaptionGenerator.API.csproj", "{B7F05EC2-36DB-4CA2-B633-0971CA0DE6FC}"
EndProject
Project("{FAE04EC0-301F-11D3-BF4B-00C04F79EFBC}") = "CaptionGenerator.CORE", "CaptionGenerator.CORE\CaptionGenerator.CORE.csproj", "{75008C82-4ABF-4D49-B455-82396D271A05}"
EndProject
Project("{FAE04EC0-301F-11D3-BF4B-00C04F79EFBC}") = "CaptionGenerator.EF", "CaptionGenerator.EF\CaptionGenerator.EF.csproj", "{5562B365-4C8C-46E1-9552-9FA723DE639B}"
EndProject
Global
	GlobalSection(SolutionConfigurationPlatforms) = preSolution
		Debug|Any CPU = Debug|Any CPU
		Release|Any CPU = Release|Any CPU
	EndGlobalSection
	GlobalSection(ProjectConfigurationPlatforms) = postSolution
		{B7F05EC2-36DB-4CA2-B633-0971CA0DE6FC}.Debug|Any CPU.ActiveCfg = Debug|Any CPU
		{B7F05EC2-36DB-4CA2-B633-0971CA0DE6FC}.Debug|Any CPU.Build.0 = Debug|Any CPU
		{B7F05EC2-36DB-4CA2-B633-0971CA0DE6FC}.Release|Any CPU.ActiveCfg = Release|Any CPU
		{B7F05EC2-36DB-4CA2-B633-0971CA0DE6FC}.Release|Any CPU.Build.0 = Release|Any CPU
		{75008C82-4ABF-4D49-B455-82396D271A05}.Debug|Any CPU.ActiveCfg = Debug|Any CPU
		{75008C82-4ABF-4D49-B455-82396D271A05}.Debug|Any CPU.Build.0 = Debug|Any CPU
		{75008C82-4ABF-4D49-B455-82396D271A05}.Release|Any CPU.ActiveCfg = Release|Any CPU
		{75008C82-4ABF-4D49-B455-82396D271A05}.Release|Any CPU.Build.0 = Release|Any CPU
		{5562B365-4C8C-46E1-9552-9FA723DE639B}.Debug|Any CPU.ActiveCfg = Debug|Any CPU
		{5562B365-4C8C-46E1-9552-9FA723DE639B}.Debug|Any CPU.Build.0 = Debug|Any CPU
		{5562B365-4C8C-46E1-9552-9FA723DE639B}.Release|Any CPU.ActiveCfg = Release|Any CPU
		{5562B365-4C8C-46E1-9552-9FA723DE639B}.Release|Any CPU.Build.0 = Release|Any CPU
	EndGlobalSection
	GlobalSection(SolutionProperties) = preSolution
		HideSolutionNode = FALSE
	EndGlobalSection
	GlobalSection(ExtensibilityGlobals) = postSolution
		SolutionGuid = {2DA231FD-C42A-46C8-B185-8BD1867AA946}
	EndGlobalSection
EndGlobal
